2
git https://github.com/marlersoft/zigwin32 commit-ec98bb4d9eea532320a8551720a9e3ec6de64994
git https://github.com/nektro/arqv-ini commit-ab427a4de4f875eaa39ee56a29114fc020431546
git https://github.com/nektro/iguanaTLS commit-3450aaf3ca47986540e2b0258c2affc45af64ea2
git https://github.com/nektro/zfetch commit-40d141bf7db81f05a83cce5f2edc4b14e41a5c34
git https://github.com/nektro/zig-ansi commit-5f89211a749aef6bf518889c0467ceb24825c055
git https://github.com/nektro/zig-detect-license commit-9285c96497ec5debae97a859e69976148a66aa7a
git https://github.com/nektro/zig-extras commit-c2c581aa6a38438dd9ed8da0f59019691c5dd45d
git https://github.com/nektro/zig-git commit-acb6691534e00ded166cccc272e17efbf613a2ab
git https://github.com/nektro/zig-inquirer commit-4cddefa42744d61067567b0b36b5d2bb376e5ae3
git https://github.com/nektro/zig-intrusive-parser commit-eec3155dc8188b8440cb6097cc436f49511f01cd
git https://github.com/nektro/zig-json commit-80e943ac8734b91da3560c8f45bbe702d833ac11
git https://github.com/nektro/zig-leven commit-618eddde4ffbc6d34100e4bc6aa654d41161537a
git https://github.com/nektro/zig-licenses commit-6b59e45d33a58a5756b2d671a40703f1d110271e
git https://github.com/nektro/zig-licenses-text commit-cf0d7f870e85bf4cc35e56532b9e6dd37f9d20dd
git https://github.com/nektro/zig-nfs commit-cd5a750bf6d58fa355efe2223c3f9c0626198f13
git https://github.com/nektro/zig-nio commit-c50f286c78a4a9704ac3f9fecd7c351e7da89e02
git https://github.com/nektro/zig-sys-linux commit-9edefde5fcf96894b6aa4ab60241940bba65debf
git https://github.com/nektro/zig-time commit-6e4e3983cea4fe7f705ce6c6606832fca409a4c7
git https://github.com/nektro/zig-tracer commit-b2c23066c0431542cbc97aedadd9c8890c298e7b
git https://github.com/nektro/zig-yaml commit-54fd85b458b7cf1b81ebe6503d61ca82804d1db6
git https://github.com/truemedian/hzzp commit-ab212bd208f0eb54d85861679677c5e3dc9bb543
git https://github.com/madler/zlib tag-v1.3.2
git https://github.com/yaml/libyaml tag-0.2.5
git https://github.com/ziglibs/known-folders commit-aa24df42183ad415d10bc0a33e6238c437fc0f59
