2
git https://github.com/marlersoft/zigwin32 commit-d21b419d808215e1f82605fdaddc49750bfa3bca
git https://github.com/nektro/arqv-ini commit-f1a72055884bd5bc0ffb93ba706c9212139d61b9
git https://github.com/nektro/iguanaTLS commit-b0e810ba8508681935ea7a5af857cc197dcdd279
git https://github.com/nektro/zfetch commit-ec3c02114dec5deff3310b590e69ce0aeb67b95b
git https://github.com/nektro/zig-ansi commit-18c6c24d692df31a17f78299c4a539c935d1feb1
git https://github.com/nektro/zig-detect-license commit-9b85f69e9adc28ec70a217c07b86046e331d3485
git https://github.com/nektro/zig-extras commit-5c4543acadb6c24c05d68f79e4c9d2093457a629
git https://github.com/nektro/zig-git commit-b206fa9978ef2cc06bab4d307c7ed07f1f3b88af
git https://github.com/nektro/zig-inquirer commit-3bee7b28a37f3d0898119ef095687467fa907d4b
git https://github.com/nektro/zig-intrusive-parser commit-eabd7f7b9b8defdbba5504d9ce2c93e1065ca34b
git https://github.com/nektro/zig-json commit-92dd6f67bbb52f060d5ac20719142b0211854290
git https://github.com/nektro/zig-leven commit-abcde0e877df670f96671bdca5b81b0e809df0d4
git https://github.com/nektro/zig-licenses commit-86fc3f6cb4dcc2847832524a3f80d520c7a6577c
git https://github.com/nektro/zig-licenses-text commit-a4a66621b3cccdf05e62e0152cf2cd43e9072e97
git https://github.com/nektro/zig-time commit-25165db8e626434ab6eae2cff64ba5e72e4fa062
git https://github.com/nektro/zig-tracer commit-cc75b7f652c7cd51cbfa6e3c7e8155cd153bb68b
git https://github.com/nektro/zig-yaml commit-10e8df67c534e186d851ed48e8895374d9a454e9
git https://github.com/truemedian/hzzp commit-ab212bd208f0eb54d85861679677c5e3dc9bb543
git https://github.com/ziglibs/known-folders commit-aa24df42183ad415d10bc0a33e6238c437fc0f59
git https://github.com/yaml/libyaml tag-0.2.5
