2
git https://github.com/yaml/libyaml tag-0.2.5
git https://github.com/nektro/zig-ansi commit-d4a53bcac5b87abecc65491109ec22aaf5f3dc2f
git https://github.com/ziglibs/known-folders commit-9db1b99219c767d5e24994b1525273fe4031e464
git https://github.com/nektro/zig-licenses commit-c9b8cbf3565675a056ad4e9b57cb4f84020e7680
git https://github.com/truemedian/zfetch commit-5a7ce5811ee19fb959b41c718018f461f45611d4
git https://github.com/truemedian/hzzp commit-bf5aaf224e94561e035a631c3c40fbf02faa27d2
git https://github.com/nektro/iguanaTLS commit-09d9fe92f329484536dfb2b07cfa8b406151cde4
git https://github.com/MasterQ32/zig-uri commit-e879df3a236869f92298fbe2db3c25e6e84cfd4c
git https://github.com/nektro/zig-json commit-a091eaa9f9ae91c3875630ba1983b33ea04971a3
git https://github.com/nektro/zig-extras commit-01fae956e2f17aa992e717e041a3dd457d440b31
git https://github.com/nektro/zig-range commit-4b2f12808aa09be4b27a163efc424dd4e0415992
git https://github.com/nektro/zig-detect-license commit-de5c285d999eea68b9189b48bb000243fef0a689
git https://github.com/nektro/zig-licenses-text commit-3c07c6e4eb0965dafd0b029c632f823631b3169c
git https://github.com/nektro/zig-leven commit-ab852cf74fa0b4edc530d925f0654b62c60365bf
git https://github.com/nektro/zig-inquirer commit-14c3492c46f9765c3e77436741794d1a3118cbee
git https://github.com/arqv/ini commit-1a9b2e90379895e197893b6e19c93bd213ad36e6
git https://github.com/nektro/zig-time commit-a22054de725ef19b3f91b9ad960d4093f852b7e0
git https://github.com/marlersoft/zigwin32 commit-2b40704fbc2c9fbdb6f31acbc48684b6b98c15e3
